
Microsoft Visual Studio Solution File, Format Version 12.00
# Visual Studio Version 16
VisualStudioVersion = 16.0.30717.126
MinimumVisualStudioVersion = 10.0.40219.1
Project("{FAE04EC0-301F-11D3-BF4B-00C04F79EFBC}") = "SistemaPasantes.Infrastructure", "SistemaPasantes.Infrastructure\SistemaPasantes.Infrastructure.csproj", "{CE432BAF-5B47-45A5-BE29-21D7CE9CAE99}"
EndProject
Project("{FAE04EC0-301F-11D3-BF4B-00C04F79EFBC}") = "SistemaPasantes.Core", "SistemaPasantes.Core\SistemaPasantes.Core.csproj", "{6550139D-C361-4DB5-943C-1AA6FB7D5CEB}"
EndProject
Project("{FAE04EC0-301F-11D3-BF4B-00C04F79EFBC}") = "SistemaPasantes.Api", "SistemaPasantes.Api\SistemaPasantes.Api.csproj", "{D3FD603B-C55A-42E3-9B77-7B2565631E4D}"
EndProject
Global
	GlobalSection(SolutionConfigurationPlatforms) = preSolution
		Debug|Any CPU = Debug|Any CPU
		Release|Any CPU = Release|Any CPU
	EndGlobalSection
	GlobalSection(ProjectConfigurationPlatforms) = postSolution
		{CE432BAF-5B47-45A5-BE29-21D7CE9CAE99}.Debug|Any CPU.ActiveCfg = Debug|Any CPU
		{CE432BAF-5B47-45A5-BE29-21D7CE9CAE99}.Debug|Any CPU.Build.0 = Debug|Any CPU
		{CE432BAF-5B47-45A5-BE29-21D7CE9CAE99}.Release|Any CPU.ActiveCfg = Release|Any CPU
		{CE432BAF-5B47-45A5-BE29-21D7CE9CAE99}.Release|Any CPU.Build.0 = Release|Any CPU
		{6550139D-C361-4DB5-943C-1AA6FB7D5CEB}.Debug|Any CPU.ActiveCfg = Debug|Any CPU
		{6550139D-C361-4DB5-943C-1AA6FB7D5CEB}.Debug|Any CPU.Build.0 = Debug|Any CPU
		{6550139D-C361-4DB5-943C-1AA6FB7D5CEB}.Release|Any CPU.ActiveCfg = Release|Any CPU
		{6550139D-C361-4DB5-943C-1AA6FB7D5CEB}.Release|Any CPU.Build.0 = Release|Any CPU
		{D3FD603B-C55A-42E3-9B77-7B2565631E4D}.Debug|Any CPU.ActiveCfg = Debug|Any CPU
		{D3FD603B-C55A-42E3-9B77-7B2565631E4D}.Debug|Any CPU.Build.0 = Debug|Any CPU
		{D3FD603B-C55A-42E3-9B77-7B2565631E4D}.Release|Any CPU.ActiveCfg = Release|Any CPU
		{D3FD603B-C55A-42E3-9B77-7B2565631E4D}.Release|Any CPU.Build.0 = Release|Any CPU
	EndGlobalSection
	GlobalSection(SolutionProperties) = preSolution
		HideSolutionNode = FALSE
	EndGlobalSection
	GlobalSection(ExtensibilityGlobals) = postSolution
		SolutionGuid = {F00BAC8B-E42A-4AAC-96CC-EBCD478F6E99}
	EndGlobalSection
EndGlobal
